
Microsoft Visual Studio Solution File, Format Version 12.00
# Visual Studio Version 16
VisualStudioVersion = 16.0.30320.27
MinimumVisualStudioVersion = 10.0.40219.1
Project("{FAE04EC0-301F-11D3-BF4B-00C04F79EFBC}") = "SistemaMirno.UI", "SistemaMirno.UI\SistemaMirno.UI.csproj", "{D9283CB3-583A-4EDF-A9AD-A71F08E6D1AB}"
EndProject
Project("{FAE04EC0-301F-11D3-BF4B-00C04F79EFBC}") = "SistemaMirno.DataAccess", "SistemaMirno.DataAccess\SistemaMirno.DataAccess.csproj", "{A975DD91-FA78-449E-B5C3-B7C7A4AA191C}"
EndProject
Project("{FAE04EC0-301F-11D3-BF4B-00C04F79EFBC}") = "SistemaMirno.Model", "SistemaMirno.Model\SistemaMirno.Model.csproj", "{78A9511D-22BB-4AF6-BCDD-C1198D1EB2D3}"
EndProject
Global
	GlobalSection(SolutionConfigurationPlatforms) = preSolution
		Debug|Any CPU = Debug|Any CPU
		Release|Any CPU = Release|Any CPU
	EndGlobalSection
	GlobalSection(ProjectConfigurationPlatforms) = postSolution
		{D9283CB3-583A-4EDF-A9AD-A71F08E6D1AB}.Debug|Any CPU.ActiveCfg = Debug|Any CPU
		{D9283CB3-583A-4EDF-A9AD-A71F08E6D1AB}.Debug|Any CPU.Build.0 = Debug|Any CPU
		{D9283CB3-583A-4EDF-A9AD-A71F08E6D1AB}.Release|Any CPU.ActiveCfg = Release|Any CPU
		{D9283CB3-583A-4EDF-A9AD-A71F08E6D1AB}.Release|Any CPU.Build.0 = Release|Any CPU
		{A975DD91-FA78-449E-B5C3-B7C7A4AA191C}.Debug|Any CPU.ActiveCfg = Debug|Any CPU
		{A975DD91-FA78-449E-B5C3-B7C7A4AA191C}.Debug|Any CPU.Build.0 = Debug|Any CPU
		{A975DD91-FA78-449E-B5C3-B7C7A4AA191C}.Release|Any CPU.ActiveCfg = Release|Any CPU
		{A975DD91-FA78-449E-B5C3-B7C7A4AA191C}.Release|Any CPU.Build.0 = Release|Any CPU
		{78A9511D-22BB-4AF6-BCDD-C1198D1EB2D3}.Debug|Any CPU.ActiveCfg = Debug|Any CPU
		{78A9511D-22BB-4AF6-BCDD-C1198D1EB2D3}.Debug|Any CPU.Build.0 = Debug|Any CPU
		{78A9511D-22BB-4AF6-BCDD-C1198D1EB2D3}.Release|Any CPU.ActiveCfg = Release|Any CPU
		{78A9511D-22BB-4AF6-BCDD-C1198D1EB2D3}.Release|Any CPU.Build.0 = Release|Any CPU
	EndGlobalSection
	GlobalSection(SolutionProperties) = preSolution
		HideSolutionNode = FALSE
	EndGlobalSection
	GlobalSection(ExtensibilityGlobals) = postSolution
		SolutionGuid = {3891BA12-BF63-4A3B-8A86-4BCF69D10598}
	EndGlobalSection
	GlobalSection(NDepend) = preSolution
		Project = ".\SistemaMirno.ndproj"
	EndGlobalSection
EndGlobal
